{
  "name": "minimal-esm-issue",
  "version": "1.0.0",
  "lockfileVersion": 3,
  "requires": true,
  "packages": {
    "": {
      "name": "minimal-esm-issue",
      "version": "1.0.0",
      "devDependencies": {
        "bare-pack": "^1.2.4"
      }
    },
    "node_modules/bare-addon-resolve": {
      "version": "1.9.1",
      "resolved": "https://registry.npmjs.org/bare-addon-resolve/-/bare-addon-resolve-1.9.1.tgz",
      "integrity": "sha512-qX+/2FHoM50v7XOxKWWz/BqLI5JdoBuiy70RbtTZrUdqvR2aDHNnUKLHVGABkCwdLVt6eUte7km3MZDEX8h2wQ==",
      "dev": true,
      "license": "Apache-2.0",
      "dependencies": {
        "bare-module-resolve": "^1.10.0",
        "bare-semver": "^1.0.0"
      }
    },
    "node_modules/bare-bundle": {
      "version": "1.8.3",
      "resolved": "https://registry.npmjs.org/bare-bundle/-/bare-bundle-1.8.3.tgz",
      "integrity": "sha512-tFFLAT7AdqOvEH9UrAfJAIgH7iKT9Jl0USMeU8LXVIp8cgfuHYZ8q4BMVtdUSvD6idn/gEutGMkOGDbF3q6xMQ==",
      "dev": true,
      "license": "Apache-2.0"
    },
    "node_modules/bare-bundle-id": {
      "version": "1.0.0",
      "resolved": "https://registry.npmjs.org/bare-bundle-id/-/bare-bundle-id-1.0.0.tgz",
      "integrity": "sha512-HbGuXbMbZIRzUT+w2oSezyCwSUd6X/VBAOyepkVXO1JdCsvx0/Q2Kw5Fwib0ctjIGj215zVhCwhTVRFeNsdhHw==",
      "dev": true,
      "license": "Apache-2.0",
      "dependencies": {
        "sodium-native": "^4.2.1"
      },
      "peerDependencies": {
        "bare-bundle": "^1.8.0"
      }
    },
    "node_modules/bare-module-lexer": {
      "version": "1.1.0",
      "resolved": "https://registry.npmjs.org/bare-module-lexer/-/bare-module-lexer-1.1.0.tgz",
      "integrity": "sha512-NkxZXq5ktZ07UU2za3gUYnn+QHNh/oSVQePQYQuViQVTSOOtTFX6g7qQLCTBQjniCi9vyQ6x5/MaVXx5RUuBYA==",
      "dev": true,
      "license": "Apache-2.0",
      "dependencies": {
        "require-addon": "^1.0.2"
      }
    },
    "node_modules/bare-module-resolve": {
      "version": "1.10.0",
      "resolved": "https://registry.npmjs.org/bare-module-resolve/-/bare-module-resolve-1.10.0.tgz",
      "integrity": "sha512-uRDht8Xjq0HjdeCO3BANPASl6qUnzCMSPNSinDUTbTZl/NZfV9qHRY3Blxn/21d6n57ybHaxw1qOBhyM5ZggRQ==",
      "dev": true,
      "license": "Apache-2.0",
      "dependencies": {
        "bare-semver": "^1.0.0"
      }
    },
    "node_modules/bare-module-traverse": {
      "version": "1.4.0",
      "resolved": "https://registry.npmjs.org/bare-module-traverse/-/bare-module-traverse-1.4.0.tgz",
      "integrity": "sha512-PNaL3mtwbzht9AOjcLk4UH5opKWMRPnTQdnc5eAxP/ElBKSDcHT4d84MJCC6ANOkygg/BC18ZKmJnkGuosu2iw==",
      "dev": true,
      "license": "Apache-2.0",
      "dependencies": {
        "bare-addon-resolve": "^1.5.0",
        "bare-module-lexer": "^1.0.0",
        "bare-module-resolve": "^1.7.0"
      }
    },
    "node_modules/bare-os": {
      "version": "3.4.0",
      "resolved": "https://registry.npmjs.org/bare-os/-/bare-os-3.4.0.tgz",
      "integrity": "sha512-9Ous7UlnKbe3fMi7Y+qh0DwAup6A1JkYgPnjvMDNOlmnxNRQvQ/7Nst+OnUQKzk0iAT0m9BisbDVp9gCv8+ETA==",
      "dev": true,
      "license": "Apache-2.0",
      "engines": {
        "bare": ">=1.6.0"
      }
    },
    "node_modules/bare-pack": {
      "version": "1.2.4",
      "resolved": "https://registry.npmjs.org/bare-pack/-/bare-pack-1.2.4.tgz",
      "integrity": "sha512-Q5xz50QSRzyfCExJgYb+oVhB8ECV9ibl1D5DAZtnkRp1fBpFtpOcYCdQhXWUb2Igj/sBsOVggvooYya3pVf3qw==",
      "dev": true,
      "license": "Apache-2.0",
      "dependencies": {
        "bare-bundle": "^1.8.3",
        "bare-bundle-id": "^1.0.0",
        "bare-module-traverse": "^1.3.0",
        "paparam": "^1.5.0",
        "promaphore": "^1.0.0"
      },
      "bin": {
        "bare-pack": "bin.js"
      }
    },
    "node_modules/bare-path": {
      "version": "3.0.0",
      "resolved": "https://registry.npmjs.org/bare-path/-/bare-path-3.0.0.tgz",
      "integrity": "sha512-tyfW2cQcB5NN8Saijrhqn0Zh7AnFNsnczRcuWODH0eYAXBsJ5gVxAUuNr7tsHSC6IZ77cA0SitzT+s47kot8Mw==",
      "dev": true,
      "license": "Apache-2.0",
      "dependencies": {
        "bare-os": "^3.0.1"
      }
    },
    "node_modules/bare-semver": {
      "version": "1.0.1",
      "resolved": "https://registry.npmjs.org/bare-semver/-/bare-semver-1.0.1.tgz",
      "integrity": "sha512-UtggzHLiTrmFOC/ogQ+Hy7VfoKoIwrP1UFcYtTxoCUdLtsIErT8+SWtOC2DH/snT9h+xDrcBEPcwKei1mzemgg==",
      "dev": true,
      "license": "Apache-2.0"
    },
    "node_modules/bare-url": {
      "version": "2.1.3",
      "resolved": "https://registry.npmjs.org/bare-url/-/bare-url-2.1.3.tgz",
      "integrity": "sha512-c02+eKvn/4esh5E2lSYQFwHL1WoTIL3u3NeFqb9e7ahBVENXw13MWx4/4/wdPyI557GqqB2Cm0bBbOXD0I0qgA==",
      "dev": true,
      "license": "Apache-2.0",
      "dependencies": {
        "bare-path": "^3.0.0"
      }
    },
    "node_modules/node-gyp-build": {
      "version": "4.8.4",
      "resolved": "https://registry.npmjs.org/node-gyp-build/-/node-gyp-build-4.8.4.tgz",
      "integrity": "sha512-LA4ZjwlnUblHVgq0oBF3Jl/6h/Nvs5fzBLwdEF4nuxnFdsfajde4WfxtJr3CaiH+F6ewcIB/q4jQ4UzPyid+CQ==",
      "dev": true,
      "license": "MIT",
      "bin": {
        "node-gyp-build": "bin.js",
        "node-gyp-build-optional": "optional.js",
        "node-gyp-build-test": "build-test.js"
      }
    },
    "node_modules/paparam": {
      "version": "1.8.0",
      "resolved": "https://registry.npmjs.org/paparam/-/paparam-1.8.0.tgz",
      "integrity": "sha512-0U8gpE2n7UJq14krU42P6CLCLYLtNdpbjC0ycJR2jIM6kWp94jkMMqayxOyK+8ZZsa8/agOaBTmj5BfmzRW5nQ==",
      "dev": true,
      "license": "Apache-2.0"
    },
    "node_modules/promaphore": {
      "version": "1.0.0",
      "resolved": "https://registry.npmjs.org/promaphore/-/promaphore-1.0.0.tgz",
      "integrity": "sha512-Eg8401+KJddVvDULkpy8bR964GMX8xMPegL6NdxTeBH2Wa3L86cZlEHizbkFJikr5u+E3wFoR5dLWJ+1OPyEfw==",
      "dev": true,
      "license": "MIT"
    },
    "node_modules/require-addon": {
      "version": "1.0.10",
      "resolved": "https://registry.npmjs.org/require-addon/-/require-addon-1.0.10.tgz",
      "integrity": "sha512-a9l3/E6Vn9GVRhYHCZQ8gyyPho+SjyXcVeedhebtFuTf76kp5EQa90soCWfVxf/FQo2pfcX7tojynQkhkfOSpw==",
      "dev": true,
      "license": "Apache-2.0",
      "dependencies": {
        "bare-addon-resolve": "^1.3.0",
        "bare-url": "^2.1.0"
      },
      "engines": {
        "bare": ">=1.10.0"
      }
    },
    "node_modules/sodium-native": {
      "version": "4.3.1",
      "resolved": "https://registry.npmjs.org/sodium-native/-/sodium-native-4.3.1.tgz",
      "integrity": "sha512-YdP64gAdpIKHfL4ttuX4aIfjeunh9f+hNeQJpE9C8UMndB3zkgZ7YmmGT4J2+v6Ibyp6Wem8D1TcSrtdW0bqtg==",
      "dev": true,
      "license": "MIT",
      "dependencies": {
        "node-gyp-build": "^4.8.0"
      }
    }
  }
}
